// !$*UTF8*$!
{
	archiveVersion = 1;
	classes = {
	};
	objectVersion = 50;
	objects = {

/* Begin PBXBuildFile section */
		3D640F942106F58400411549 /* AppDelegate.m in Sources */ = {isa = PBXBuildFile; fileRef = 3D640F932106F58400411549 /* AppDelegate.m */; };
		3D640F9A2106F58400411549 /* Main.storyboard in Resources */ = {isa = PBXBuildFile; fileRef = 3D640F982106F58400411549 /* Main.storyboard */; };
		3D640F9C2106F58C00411549 /* Assets.xcassets in Resources */ = {isa = PBXBuildFile; fileRef = 3D640F9B2106F58C00411549 /* Assets.xcassets */; };
		3D640F9F2106F58C00411549 /* LaunchScreen.storyboard in Resources */ = {isa = PBXBuildFile; fileRef = 3D640F9D2106F58C00411549 /* LaunchScreen.storyboard */; };
		3D640FA22106F58C00411549 /* main.m in Sources */ = {isa = PBXBuildFile; fileRef = 3D640FA12106F58C00411549 /* main.m */; };
		3D640FAC2106F58C00411549 /* QRCodeScanTests.m in Sources */ = {isa = PBXBuildFile; fileRef = 3D640FAB2106F58C00411549 /* QRCodeScanTests.m */; };
		3D640FB72106F58C00411549 /* QRCodeScanUITests.m in Sources */ = {isa = PBXBuildFile; fileRef = 3D640FB62106F58C00411549 /* QRCodeScanUITests.m */; };
		3D73A66B210719C7005B6C33 /* QRViewController.m in Sources */ = {isa = PBXBuildFile; fileRef = 3D73A66A210719C7005B6C33 /* QRViewController.m */; };
		3D73A66E21071B8E005B6C33 /* XKQRCodeScanViewController.m in Sources */ = {isa = PBXBuildFile; fileRef = 3D73A66D21071B8E005B6C33 /* XKQRCodeScanViewController.m */; };
		3D73A67421072353005B6C33 /* XKQRCodeView.m in Sources */ = {isa = PBXBuildFile; fileRef = 3D73A67321072353005B6C33 /* XKQRCodeView.m */; };
/* End PBXBuildFile section */

/* Begin PBXContainerItemProxy section */
		3D640FA82106F58C00411549 /* PBXContainerItemProxy */ = {
			isa = PBXContainerItemProxy;
			containerPortal = 3D640F872106F58400411549 /* Project object */;
			proxyType = 1;
			remoteGlobalIDString = 3D640F8E2106F58400411549;
			remoteInfo = QRCodeScan;
		};
		3D640FB32106F58C00411549 /* PBXContainerItemProxy */ = {
			isa = PBXContainerItemProxy;
			containerPortal = 3D640F872106F58400411549 /* Project object */;
			proxyType = 1;
			remoteGlobalIDString = 3D640F8E2106F58400411549;
			remoteInfo = QRCodeScan;
		};
/* End PBXContainerItemProxy section */

/* Begin PBXFileReference section */
		3D640F8F2106F58400411549 /* QRCodeScan.app */ = {isa = PBXFileReference; explicitFileType = wrapper.application; includeInIndex = 0; path = QRCodeScan.app; sourceTree = BUILT_PRODUCTS_DIR; };
		3D640F922106F58400411549 /* AppDelegate.h */ = {isa = PBXFileReference; lastKnownFileType = sourcecode.c.h; path = AppDelegate.h; sourceTree = "<group>"; };
		3D640F932106F58400411549 /* AppDelegate.m */ = {isa = PBXFileReference; lastKnownFileType = sourcecode.c.objc; path = AppDelegate.m; sourceTree = "<group>"; };
		3D640F992106F58400411549 /* Base */ = {isa = PBXFileReference; lastKnownFileType = file.storyboard; name = Base; path = Base.lproj/Main.storyboard; sourceTree = "<group>"; };
		3D640F9B2106F58C00411549 /* Assets.xcassets */ = {isa = PBXFileReference; lastKnownFileType = folder.assetcatalog; path = Assets.xcassets; sourceTree = "<group>"; };
		3D640F9E2106F58C00411549 /* Base */ = {isa = PBXFileReference; lastKnownFileType = file.storyboard; name = Base; path = Base.lproj/LaunchScreen.storyboard; sourceTree = "<group>"; };
		3D640FA02106F58C00411549 /* Info.plist */ = {isa = PBXFileReference; lastKnownFileType = text.plist.xml; path = Info.plist; sourceTree = "<group>"; };
		3D640FA12106F58C00411549 /* main.m */ = {isa = PBXFileReference; lastKnownFileType = sourcecode.c.objc; path = main.m; sourceTree = "<group>"; };
		3D640FA72106F58C00411549 /* QRCodeScanTests.xctest */ = {isa = PBXFileReference; explicitFileType = wrapper.cfbundle; includeInIndex = 0; path = QRCodeScanTests.xctest; sourceTree = BUILT_PRODUCTS_DIR; };
		3D640FAB2106F58C00411549 /* QRCodeScanTests.m */ = {isa = PBXFileReference; lastKnownFileType = sourcecode.c.objc; path = QRCodeScanTests.m; sourceTree = "<group>"; };
		3D640FAD2106F58C00411549 /* Info.plist */ = {isa = PBXFileReference; lastKnownFileType = text.plist.xml; path = Info.plist; sourceTree = "<group>"; };
		3D640FB22106F58C00411549 /* QRCodeScanUITests.xctest */ = {isa = PBXFileReference; explicitFileType = wrapper.cfbundle; includeInIndex = 0; path = QRCodeScanUITests.xctest; sourceTree = BUILT_PRODUCTS_DIR; };
		3D640FB62106F58C00411549 /* QRCodeScanUITests.m */ = {isa = PBXFileReference; lastKnownFileType = sourcecode.c.objc; path = QRCodeScanUITests.m; sourceTree = "<group>"; };
		3D640FB82106F58C00411549 /* Info.plist */ = {isa = PBXFileReference; lastKnownFileType = text.plist.xml; path = Info.plist; sourceTree = "<group>"; };
		3D73A669210719C7005B6C33 /* QRViewController.h */ = {isa = PBXFileReference; lastKnownFileType = sourcecode.c.h; path = QRViewController.h; sourceTree = "<group>"; };
		3D73A66A210719C7005B6C33 /* QRViewController.m */ = {isa = PBXFileReference; lastKnownFileType = sourcecode.c.objc; path = QRViewController.m; sourceTree = "<group>"; };
		3D73A66C21071B8E005B6C33 /* XKQRCodeScanViewController.h */ = {isa = PBXFileReference; fileEncoding = 4; lastKnownFileType = sourcecode.c.h; path = XKQRCodeScanViewController.h; sourceTree = "<group>"; };
		3D73A66D21071B8E005B6C33 /* XKQRCodeScanViewController.m */ = {isa = PBXFileReference; fileEncoding = 4; lastKnownFileType = sourcecode.c.objc; path = XKQRCodeScanViewController.m; sourceTree = "<group>"; };
		3D73A67221072353005B6C33 /* XKQRCodeView.h */ = {isa = PBXFileReference; lastKnownFileType = sourcecode.c.h; path = XKQRCodeView.h; sourceTree = "<group>"; };
		3D73A67321072353005B6C33 /* XKQRCodeView.m */ = {isa = PBXFileReference; lastKnownFileType = sourcecode.c.objc; path = XKQRCodeView.m; sourceTree = "<group>"; };
/* End PBXFileReference section */

/* Begin PBXFrameworksBuildPhase section */
		3D640F8C2106F58400411549 /* Frameworks */ = {
			isa = PBXFrameworksBuildPhase;
			buildActionMask = 2147483647;
			files = (
			);
			runOnlyForDeploymentPostprocessing = 0;
		};
		3D640FA42106F58C00411549 /* Frameworks */ = {
			isa = PBXFrameworksBuildPhase;
			buildActionMask = 2147483647;
			files = (
			);
			runOnlyForDeploymentPostprocessing = 0;
		};
		3D640FAF2106F58C00411549 /* Frameworks */ = {
			isa = PBXFrameworksBuildPhase;
			buildActionMask = 2147483647;
			files = (
			);
			runOnlyForDeploymentPostprocessing = 0;
		};
/* End PBXFrameworksBuildPhase section */

/* Begin PBXGroup section */
		3D640F862106F58400411549 = {
			isa = PBXGroup;
			children = (
				3D640F912106F58400411549 /* QRCodeScan */,
				3D640FAA2106F58C00411549 /* QRCodeScanTests */,
				3D640FB52106F58C00411549 /* QRCodeScanUITests */,
				3D640F902106F58400411549 /* Products */,
			);
			sourceTree = "<group>";
		};
		3D640F902106F58400411549 /* Products */ = {
			isa = PBXGroup;
			children = (
				3D640F8F2106F58400411549 /* QRCodeScan.app */,
				3D640FA72106F58C00411549 /* QRCodeScanTests.xctest */,
				3D640FB22106F58C00411549 /* QRCodeScanUITests.xctest */,
			);
			name = Products;
			sourceTree = "<group>";
		};
		3D640F912106F58400411549 /* QRCodeScan */ = {
			isa = PBXGroup;
			children = (
				3D73A67521081775005B6C33 /* XKQRcodeScan */,
				3D640F922106F58400411549 /* AppDelegate.h */,
				3D640F932106F58400411549 /* AppDelegate.m */,
				3D640F982106F58400411549 /* Main.storyboard */,
				3D640F9B2106F58C00411549 /* Assets.xcassets */,
				3D640F9D2106F58C00411549 /* LaunchScreen.storyboard */,
				3D640FA02106F58C00411549 /* Info.plist */,
				3D640FA12106F58C00411549 /* main.m */,
				3D73A669210719C7005B6C33 /* QRViewController.h */,
				3D73A66A210719C7005B6C33 /* QRViewController.m */,
			);
			path = QRCodeScan;
			sourceTree = "<group>";
		};
		3D640FAA2106F58C00411549 /* QRCodeScanTests */ = {
			isa = PBXGroup;
			children = (
				3D640FAB2106F58C00411549 /* QRCodeScanTests.m */,
				3D640FAD2106F58C00411549 /* Info.plist */,
			);
			path = QRCodeScanTests;
			sourceTree = "<group>";
		};
		3D640FB52106F58C00411549 /* QRCodeScanUITests */ = {
			isa = PBXGroup;
			children = (
				3D640FB62106F58C00411549 /* QRCodeScanUITests.m */,
				3D640FB82106F58C00411549 /* Info.plist */,
			);
			path = QRCodeScanUITests;
			sourceTree = "<group>";
		};
		3D73A67521081775005B6C33 /* XKQRcodeScan */ = {
			isa = PBXGroup;
			children = (
				3D73A67221072353005B6C33 /* XKQRCodeView.h */,
				3D73A67321072353005B6C33 /* XKQRCodeView.m */,
				3D73A66C21071B8E005B6C33 /* XKQRCodeScanViewController.h */,
				3D73A66D21071B8E005B6C33 /* XKQRCodeScanViewController.m */,
			);
			path = XKQRcodeScan;
			sourceTree = "<group>";
		};
/* End PBXGroup section */

/* Begin PBXNativeTarget section */
		3D640F8E2106F58400411549 /* QRCodeScan */ = {
			isa = PBXNativeTarget;
			buildConfigurationList = 3D640FBB2106F58C00411549 /* Build configuration list for PBXNativeTarget "QRCodeScan" */;
			buildPhases = (
				3D640F8B2106F58400411549 /* Sources */,
				3D640F8C2106F58400411549 /* Frameworks */,
				3D640F8D2106F58400411549 /* Resources */,
			);
			buildRules = (
			);
			dependencies = (
			);
			name = QRCodeScan;
			productName = QRCodeScan;
			productReference = 3D640F8F2106F58400411549 /* QRCodeScan.app */;
			productType = "com.apple.product-type.application";
		};
		3D640FA62106F58C00411549 /* QRCodeScanTests */ = {
			isa = PBXNativeTarget;
			buildConfigurationList = 3D640FBE2106F58C00411549 /* Build configuration list for PBXNativeTarget "QRCodeScanTests" */;
			buildPhases = (
				3D640FA32106F58C00411549 /* Sources */,
				3D640FA42106F58C00411549 /* Frameworks */,
				3D640FA52106F58C00411549 /* Resources */,
			);
			buildRules = (
			);
			dependencies = (
				3D640FA92106F58C00411549 /* PBXTargetDependency */,
			);
			name = QRCodeScanTests;
			productName = QRCodeScanTests;
			productReference = 3D640FA72106F58C00411549 /* QRCodeScanTests.xctest */;
			productType = "com.apple.product-type.bundle.unit-test";
		};
		3D640FB12106F58C00411549 /* QRCodeScanUITests */ = {
			isa = PBXNativeTarget;
			buildConfigurationList = 3D640FC12106F58C00411549 /* Build configuration list for PBXNativeTarget "QRCodeScanUITests" */;
			buildPhases = (
				3D640FAE2106F58C00411549 /* Sources */,
				3D640FAF2106F58C00411549 /* Frameworks */,
				3D640FB02106F58C00411549 /* Resources */,
			);
			buildRules = (
			);
			dependencies = (
				3D640FB42106F58C00411549 /* PBXTargetDependency */,
			);
			name = QRCodeScanUITests;
			productName = QRCodeScanUITests;
			productReference = 3D640FB22106F58C00411549 /* QRCodeScanUITests.xctest */;
			productType = "com.apple.product-type.bundle.ui-testing";
		};
/* End PBXNativeTarget section */

/* Begin PBXProject section */
		3D640F872106F58400411549 /* Project object */ = {
			isa = PBXProject;
			attributes = {
				LastUpgradeCheck = 0940;
				ORGANIZATIONNAME = hupan;
				TargetAttributes = {
					3D640F8E2106F58400411549 = {
						CreatedOnToolsVersion = 9.4.1;
					};
					3D640FA62106F58C00411549 = {
						CreatedOnToolsVersion = 9.4.1;
						TestTargetID = 3D640F8E2106F58400411549;
					};
					3D640FB12106F58C00411549 = {
						CreatedOnToolsVersion = 9.4.1;
						TestTargetID = 3D640F8E2106F58400411549;
					};
				};
			};
			buildConfigurationList = 3D640F8A2106F58400411549 /* Build configuration list for PBXProject "QRCodeScan" */;
			compatibilityVersion = "Xcode 9.3";
			developmentRegion = en;
			hasScannedForEncodings = 0;
			knownRegions = (
				en,
				Base,
			);
			mainGroup = 3D640F862106F58400411549;
			productRefGroup = 3D640F902106F58400411549 /* Products */;
			projectDirPath = "";
			projectRoot = "";
			targets = (
				3D640F8E2106F58400411549 /* QRCodeScan */,
				3D640FA62106F58C00411549 /* QRCodeScanTests */,
				3D640FB12106F58C00411549 /* QRCodeScanUITests */,
			);
		};
/* End PBXProject section */

/* Begin PBXResourcesBuildPhase section */
		3D640F8D2106F58400411549 /* Resources */ = {
			isa = PBXResourcesBuildPhase;
			buildActionMask = 2147483647;
			files = (
				3D640F9F2106F58C00411549 /* LaunchScreen.storyboard in Resources */,
				3D640F9C2106F58C00411549 /* Assets.xcassets in Resources */,
				3D640F9A2106F58400411549 /* Main.storyboard in Resources */,
			);
			runOnlyForDeploymentPostprocessing = 0;
		};
		3D640FA52106F58C00411549 /* Resources */ = {
			isa = PBXResourcesBuildPhase;
			buildActionMask = 2147483647;
			files = (
			);
			runOnlyForDeploymentPostprocessing = 0;
		};
		3D640FB02106F58C00411549 /* Resources */ = {
			isa = PBXResourcesBuildPhase;
			buildActionMask = 2147483647;
			files = (
			);
			runOnlyForDeploymentPostprocessing = 0;
		};
/* End PBXResourcesBuildPhase section */

/* Begin PBXSourcesBuildPhase section */
		3D640F8B2106F58400411549 /* Sources */ = {
			isa = PBXSourcesBuildPhase;
			buildActionMask = 2147483647;
			files = (
				3D640FA22106F58C00411549 /* main.m in Sources */,
				3D640F942106F58400411549 /* AppDelegate.m in Sources */,
				3D73A67421072353005B6C33 /* XKQRCodeView.m in Sources */,
				3D73A66B210719C7005B6C33 /* QRViewController.m in Sources */,
				3D73A66E21071B8E005B6C33 /* XKQRCodeScanViewController.m in Sources */,
			);
			runOnlyForDeploymentPostprocessing = 0;
		};
		3D640FA32106F58C00411549 /* Sources */ = {
			isa = PBXSourcesBuildPhase;
			buildActionMask = 2147483647;
			files = (
				3D640FAC2106F58C00411549 /* QRCodeScanTests.m in Sources */,
			);
			runOnlyForDeploymentPostprocessing = 0;
		};
		3D640FAE2106F58C00411549 /* Sources */ = {
			isa = PBXSourcesBuildPhase;
			buildActionMask = 2147483647;
			files = (
				3D640FB72106F58C00411549 /* QRCodeScanUITests.m in Sources */,
			);
			runOnlyForDeploymentPostprocessing = 0;
		};
/* End PBXSourcesBuildPhase section */

/* Begin PBXTargetDependency section */
		3D640FA92106F58C00411549 /* PBXTargetDependency */ = {
			isa = PBXTargetDependency;
			target = 3D640F8E2106F58400411549 /* QRCodeScan */;
			targetProxy = 3D640FA82106F58C00411549 /* PBXContainerItemProxy */;
		};
		3D640FB42106F58C00411549 /* PBXTargetDependency */ = {
			isa = PBXTargetDependency;
			target = 3D640F8E2106F58400411549 /* QRCodeScan */;
			targetProxy = 3D640FB32106F58C00411549 /* PBXContainerItemProxy */;
		};
/* End PBXTargetDependency section */

/* Begin PBXVariantGroup section */
		3D640F982106F58400411549 /* Main.storyboard */ = {
			isa = PBXVariantGroup;
			children = (
				3D640F992106F58400411549 /* Base */,
			);
			name = Main.storyboard;
			sourceTree = "<group>";
		};
		3D640F9D2106F58C00411549 /* LaunchScreen.storyboard */ = {
			isa = PBXVariantGroup;
			children = (
				3D640F9E2106F58C00411549 /* Base */,
			);
			name = LaunchScreen.storyboard;
			sourceTree = "<group>";
		};
/* End PBXVariantGroup section */

/* Begin XCBuildConfiguration section */
		3D640FB92106F58C00411549 /* Debug */ = {
			isa = XCBuildConfiguration;
			buildSettings = {
				ALWAYS_SEARCH_USER_PATHS = NO;
				CLANG_ANALYZER_NONNULL = YES;
				CLANG_ANALYZER_NUMBER_OBJECT_CONVERSION = YES_AGGRESSIVE;
				CLANG_CXX_LANGUAGE_STANDARD = "gnu++14";
				CLANG_CXX_LIBRARY = "libc++";
				CLANG_ENABLE_MODULES = YES;
				CLANG_ENABLE_OBJC_ARC = YES;
				CLANG_ENABLE_OBJC_WEAK = YES;
				CLANG_WARN_BLOCK_CAPTURE_AUTORELEASING = YES;
				CLANG_WARN_BOOL_CONVERSION = YES;
				CLANG_WARN_COMMA = YES;
				CLANG_WARN_CONSTANT_CONVERSION = YES;
				CLANG_WARN_DEPRECATED_OBJC_IMPLEMENTATIONS = YES;
				CLANG_WARN_DIRECT_OBJC_ISA_USAGE = YES_ERROR;
				CLANG_WARN_DOCUMENTATION_COMMENTS = YES;
				CLANG_WARN_EMPTY_BODY = YES;
				CLANG_WARN_ENUM_CONVERSION = YES;
				CLANG_WARN_INFINITE_RECURSION = YES;
				CLANG_WARN_INT_CONVERSION = YES;
				CLANG_WARN_NON_LITERAL_NULL_CONVERSION = YES;
				CLANG_WARN_OBJC_IMPLICIT_RETAIN_SELF = YES;
				CLANG_WARN_OBJC_LITERAL_CONVERSION = YES;
				CLANG_WARN_OBJC_ROOT_CLASS = YES_ERROR;
				CLANG_WARN_RANGE_LOOP_ANALYSIS = YES;
				CLANG_WARN_STRICT_PROTOTYPES = YES;
				CLANG_WARN_SUSPICIOUS_MOVE = YES;
				CLANG_WARN_UNGUARDED_AVAILABILITY = YES_AGGRESSIVE;
				CLANG_WARN_UNREACHABLE_CODE = YES;
				CLANG_WARN__DUPLICATE_METHOD_MATCH = YES;
				CODE_SIGN_IDENTITY = "iPhone Developer";
				COPY_PHASE_STRIP = NO;
				DEBUG_INFORMATION_FORMAT = dwarf;
				ENABLE_STRICT_OBJC_MSGSEND = YES;
				ENABLE_TESTABILITY = YES;
				GCC_C_LANGUAGE_STANDARD = gnu11;
				GCC_DYNAMIC_NO_PIC = NO;
				GCC_NO_COMMON_BLOCKS = YES;
				GCC_OPTIMIZATION_LEVEL = 0;
				GCC_PREPROCESSOR_DEFINITIONS = (
					"DEBUG=1",
					"$(inherited)",
				);
				GCC_WARN_64_TO_32_BIT_CONVERSION = YES;
				GCC_WARN_ABOUT_RETURN_TYPE = YES_ERROR;
				GCC_WARN_UNDECLARED_SELECTOR = YES;
				GCC_WARN_UNINITIALIZED_AUTOS = YES_AGGRESSIVE;
				GCC_WARN_UNUSED_FUNCTION = YES;
				GCC_WARN_UNUSED_VARIABLE = YES;
				IPHONEOS_DEPLOYMENT_TARGET = 10.0;
				MTL_ENABLE_DEBUG_INFO = YES;
				ONLY_ACTIVE_ARCH = YES;
				SDKROOT = iphoneos;
			};
			name = Debug;
		};
		3D640FBA2106F58C00411549 /* Release */ = {
			isa = XCBuildConfiguration;
			buildSettings = {
				ALWAYS_SEARCH_USER_PATHS = NO;
				CLANG_ANALYZER_NONNULL = YES;
				CLANG_ANALYZER_NUMBER_OBJECT_CONVERSION = YES_AGGRESSIVE;
				CLANG_CXX_LANGUAGE_STANDARD = "gnu++14";
				CLANG_CXX_LIBRARY = "libc++";
				CLANG_ENABLE_MODULES = YES;
				CLANG_ENABLE_OBJC_ARC = YES;
				CLANG_ENABLE_OBJC_WEAK = YES;
				CLANG_WARN_BLOCK_CAPTURE_AUTORELEASING = YES;
				CLANG_WARN_BOOL_CONVERSION = YES;
				CLANG_WARN_COMMA = YES;
				CLANG_WARN_CONSTANT_CONVERSION = YES;
				CLANG_WARN_DEPRECATED_OBJC_IMPLEMENTATIONS = YES;
				CLANG_WARN_DIRECT_OBJC_ISA_USAGE = YES_ERROR;
				CLANG_WARN_DOCUMENTATION_COMMENTS = YES;
				CLANG_WARN_EMPTY_BODY = YES;
				CLANG_WARN_ENUM_CONVERSION = YES;
				CLANG_WARN_INFINITE_RECURSION = YES;
				CLANG_WARN_INT_CONVERSION = YES;
				CLANG_WARN_NON_LITERAL_NULL_CONVERSION = YES;
				CLANG_WARN_OBJC_IMPLICIT_RETAIN_SELF = YES;
				CLANG_WARN_OBJC_LITERAL_CONVERSION = YES;
				CLANG_WARN_OBJC_ROOT_CLASS = YES_ERROR;
				CLANG_WARN_RANGE_LOOP_ANALYSIS = YES;
				CLANG_WARN_STRICT_PROTOTYPES = YES;
				CLANG_WARN_SUSPICIOUS_MOVE = YES;
				CLANG_WARN_UNGUARDED_AVAILABILITY = YES_AGGRESSIVE;
				CLANG_WARN_UNREACHABLE_CODE = YES;
				CLANG_WARN__DUPLICATE_METHOD_MATCH = YES;
				CODE_SIGN_IDENTITY = "iPhone Developer";
				COPY_PHASE_STRIP = NO;
				DEBUG_INFORMATION_FORMAT = "dwarf-with-dsym";
				ENABLE_NS_ASSERTIONS = NO;
				ENABLE_STRICT_OBJC_MSGSEND = YES;
				GCC_C_LANGUAGE_STANDARD = gnu11;
				GCC_NO_COMMON_BLOCKS = YES;
				GCC_WARN_64_TO_32_BIT_CONVERSION = YES;
				GCC_WARN_ABOUT_RETURN_TYPE = YES_ERROR;
				GCC_WARN_UNDECLARED_SELECTOR = YES;
				GCC_WARN_UNINITIALIZED_AUTOS = YES_AGGRESSIVE;
				GCC_WARN_UNUSED_FUNCTION = YES;
				GCC_WARN_UNUSED_VARIABLE = YES;
				IPHONEOS_DEPLOYMENT_TARGET = 10.0;
				MTL_ENABLE_DEBUG_INFO = NO;
				SDKROOT = iphoneos;
				VALIDATE_PRODUCT = YES;
			};
			name = Release;
		};
		3D640FBC2106F58C00411549 /* Debug */ = {
			isa = XCBuildConfiguration;
			buildSettings = {
				ASSETCATALOG_COMPILER_APPICON_NAME = AppIcon;
				CODE_SIGN_STYLE = Automatic;
				DEVELOPMENT_TEAM = T4UYGZF52Z;
				INFOPLIST_FILE = QRCodeScan/Info.plist;
				LD_RUNPATH_SEARCH_PATHS = (
					"$(inherited)",
					"@executable_path/Frameworks",
				);
				PRODUCT_BUNDLE_IDENTIFIER = Hupan.QRCodeScan;
				PRODUCT_NAME = "$(TARGET_NAME)";
				TARGETED_DEVICE_FAMILY = "1,2";
			};
			name = Debug;
		};
		3D640FBD2106F58C00411549 /* Release */ = {
			isa = XCBuildConfiguration;
			buildSettings = {
				ASSETCATALOG_COMPILER_APPICON_NAME = AppIcon;
				CODE_SIGN_STYLE = Automatic;
				DEVELOPMENT_TEAM = T4UYGZF52Z;
				INFOPLIST_FILE = QRCodeScan/Info.plist;
				LD_RUNPATH_SEARCH_PATHS = (
					"$(inherited)",
					"@executable_path/Frameworks",
				);
				PRODUCT_BUNDLE_IDENTIFIER = Hupan.QRCodeScan;
				PRODUCT_NAME = "$(TARGET_NAME)";
				TARGETED_DEVICE_FAMILY = "1,2";
			};
			name = Release;
		};
		3D640FBF2106F58C00411549 /* Debug */ = {
			isa = XCBuildConfiguration;
			buildSettings = {
				BUNDLE_LOADER = "$(TEST_HOST)";
				CODE_SIGN_STYLE = Automatic;
				INFOPLIST_FILE = QRCodeScanTests/Info.plist;
				LD_RUNPATH_SEARCH_PATHS = (
					"$(inherited)",
					"@executable_path/Frameworks",
					"@loader_path/Frameworks",
				);
				PRODUCT_BUNDLE_IDENTIFIER = Hupan.QRCodeScanTests;
				PRODUCT_NAME = "$(TARGET_NAME)";
				TARGETED_DEVICE_FAMILY = "1,2";
				TEST_HOST = "$(BUILT_PRODUCTS_DIR)/QRCodeScan.app/QRCodeScan";
			};
			name = Debug;
		};
		3D640FC02106F58C00411549 /* Release */ = {
			isa = XCBuildConfiguration;
			buildSettings = {
				BUNDLE_LOADER = "$(TEST_HOST)";
				CODE_SIGN_STYLE = Automatic;
				INFOPLIST_FILE = QRCodeScanTests/Info.plist;
				LD_RUNPATH_SEARCH_PATHS = (
					"$(inherited)",
					"@executable_path/Frameworks",
					"@loader_path/Frameworks",
				);
				PRODUCT_BUNDLE_IDENTIFIER = Hupan.QRCodeScanTests;
				PRODUCT_NAME = "$(TARGET_NAME)";
				TARGETED_DEVICE_FAMILY = "1,2";
				TEST_HOST = "$(BUILT_PRODUCTS_DIR)/QRCodeScan.app/QRCodeScan";
			};
			name = Release;
		};
		3D640FC22106F58C00411549 /* Debug */ = {
			isa = XCBuildConfiguration;
			buildSettings = {
				CODE_SIGN_STYLE = Automatic;
				INFOPLIST_FILE = QRCodeScanUITests/Info.plist;
				LD_RUNPATH_SEARCH_PATHS = (
					"$(inherited)",
					"@executable_path/Frameworks",
					"@loader_path/Frameworks",
				);
				PRODUCT_BUNDLE_IDENTIFIER = Hupan.QRCodeScanUITests;
				PRODUCT_NAME = "$(TARGET_NAME)";
				TARGETED_DEVICE_FAMILY = "1,2";
				TEST_TARGET_NAME = QRCodeScan;
			};
			name = Debug;
		};
		3D640FC32106F58C00411549 /* Release */ = {
			isa = XCBuildConfiguration;
			buildSettings = {
				CODE_SIGN_STYLE = Automatic;
				INFOPLIST_FILE = QRCodeScanUITests/Info.plist;
				LD_RUNPATH_SEARCH_PATHS = (
					"$(inherited)",
					"@executable_path/Frameworks",
					"@loader_path/Frameworks",
				);
				PRODUCT_BUNDLE_IDENTIFIER = Hupan.QRCodeScanUITests;
				PRODUCT_NAME = "$(TARGET_NAME)";
				TARGETED_DEVICE_FAMILY = "1,2";
				TEST_TARGET_NAME = QRCodeScan;
			};
			name = Release;
		};
/* End XCBuildConfiguration section */

/* Begin XCConfigurationList section */
		3D640F8A2106F58400411549 /* Build configuration list for PBXProject "QRCodeScan" */ = {
			isa = XCConfigurationList;
			buildConfigurations = (
				3D640FB92106F58C00411549 /* Debug */,
				3D640FBA2106F58C00411549 /* Release */,
			);
			defaultConfigurationIsVisible = 0;
			defaultConfigurationName = Release;
		};
		3D640FBB2106F58C00411549 /* Build configuration list for PBXNativeTarget "QRCodeScan" */ = {
			isa = XCConfigurationList;
			buildConfigurations = (
				3D640FBC2106F58C00411549 /* Debug */,
				3D640FBD2106F58C00411549 /* Release */,
			);
			defaultConfigurationIsVisible = 0;
			defaultConfigurationName = Release;
		};
		3D640FBE2106F58C00411549 /* Build configuration list for PBXNativeTarget "QRCodeScanTests" */ = {
			isa = XCConfigurationList;
			buildConfigurations = (
				3D640FBF2106F58C00411549 /* Debug */,
				3D640FC02106F58C00411549 /* Release */,
			);
			defaultConfigurationIsVisible = 0;
			defaultConfigurationName = Release;
		};
		3D640FC12106F58C00411549 /* Build configuration list for PBXNativeTarget "QRCodeScanUITests" */ = {
			isa = XCConfigurationList;
			buildConfigurations = (
				3D640FC22106F58C00411549 /* Debug */,
				3D640FC32106F58C00411549 /* Release */,
			);
			defaultConfigurationIsVisible = 0;
			defaultConfigurationName = Release;
		};
/* End XCConfigurationList section */
	};
	rootObject = 3D640F872106F58400411549 /* Project object */;
}
